
Microsoft Visual Studio Solution File, Format Version 12.00
# Visual Studio 15
VisualStudioVersion = 15.0.26730.15
MinimumVisualStudioVersion = 10.0.40219.1
Project("{FAE04EC0-301F-11D3-BF4B-00C04F79EFBC}") = "Yield_Course", "Yield_Course\Yield_Course.csproj", "{44E0F8C5-EB7F-4AE8-A80A-0C074532D371}"
EndProject
Project("{FAE04EC0-301F-11D3-BF4B-00C04F79EFBC}") = "MemoryCache_Course", "MemoryCache_Course\MemoryCache_Course.csproj", "{FFA42BA7-0C3E-4399-89D9-E1D514987C70}"
EndProject
Project("{FAE04EC0-301F-11D3-BF4B-00C04F79EFBC}") = "DelegateCourse", "DelegateCourse\DelegateCourse.csproj", "{46182F46-BFD4-41F9-AE0B-4E89762B3E90}"
EndProject
Project("{FAE04EC0-301F-11D3-BF4B-00C04F79EFBC}") = "CommonLogging_NLog", "CommonLogging_NLog\CommonLogging_NLog.csproj", "{0DF21703-3D9E-4B2A-A0A3-63F89ECDFB04}"
EndProject
Project("{FAE04EC0-301F-11D3-BF4B-00C04F79EFBC}") = "CommonLogging_Log4net", "CommonLogging_Log4net\CommonLogging_Log4net.csproj", "{3FED31C1-AF4D-4497-A033-5CEA70006DB7}"
EndProject
Project("{FAE04EC0-301F-11D3-BF4B-00C04F79EFBC}") = "ThreadCourse", "ThreadCourse\ThreadCourse.csproj", "{EA1F2F22-8C48-450D-94F8-9A51082E4823}"
EndProject
Project("{FAE04EC0-301F-11D3-BF4B-00C04F79EFBC}") = "ConsoleApplication1", "ConsoleApplication1\ConsoleApplication1.csproj", "{1AE12630-7719-4804-A7BB-D51576C883C0}"
EndProject
Project("{FAE04EC0-301F-11D3-BF4B-00C04F79EFBC}") = "SignalRCourse", "SignalRCourse\SignalRCourse.csproj", "{C765EC15-ADFF-4B08-B585-38635BE09240}"
EndProject
Project("{FAE04EC0-301F-11D3-BF4B-00C04F79EFBC}") = "Log4Slack_Course", "Log4Slack_Course\Log4Slack_Course.csproj", "{E5491803-AAEE-4488-83C9-49D8C317D4CF}"
EndProject
Global
	GlobalSection(SolutionConfigurationPlatforms) = preSolution
		Debug|Any CPU = Debug|Any CPU
		Release|Any CPU = Release|Any CPU
	EndGlobalSection
	GlobalSection(ProjectConfigurationPlatforms) = postSolution
		{44E0F8C5-EB7F-4AE8-A80A-0C074532D371}.Debug|Any CPU.ActiveCfg = Debug|Any CPU
		{44E0F8C5-EB7F-4AE8-A80A-0C074532D371}.Debug|Any CPU.Build.0 = Debug|Any CPU
		{44E0F8C5-EB7F-4AE8-A80A-0C074532D371}.Release|Any CPU.ActiveCfg = Release|Any CPU
		{44E0F8C5-EB7F-4AE8-A80A-0C074532D371}.Release|Any CPU.Build.0 = Release|Any CPU
		{FFA42BA7-0C3E-4399-89D9-E1D514987C70}.Debug|Any CPU.ActiveCfg = Debug|Any CPU
		{FFA42BA7-0C3E-4399-89D9-E1D514987C70}.Debug|Any CPU.Build.0 = Debug|Any CPU
		{FFA42BA7-0C3E-4399-89D9-E1D514987C70}.Release|Any CPU.ActiveCfg = Release|Any CPU
		{FFA42BA7-0C3E-4399-89D9-E1D514987C70}.Release|Any CPU.Build.0 = Release|Any CPU
		{46182F46-BFD4-41F9-AE0B-4E89762B3E90}.Debug|Any CPU.ActiveCfg = Debug|Any CPU
		{46182F46-BFD4-41F9-AE0B-4E89762B3E90}.Debug|Any CPU.Build.0 = Debug|Any CPU
		{46182F46-BFD4-41F9-AE0B-4E89762B3E90}.Release|Any CPU.ActiveCfg = Release|Any CPU
		{46182F46-BFD4-41F9-AE0B-4E89762B3E90}.Release|Any CPU.Build.0 = Release|Any CPU
		{0DF21703-3D9E-4B2A-A0A3-63F89ECDFB04}.Debug|Any CPU.ActiveCfg = Debug|Any CPU
		{0DF21703-3D9E-4B2A-A0A3-63F89ECDFB04}.Debug|Any CPU.Build.0 = Debug|Any CPU
		{0DF21703-3D9E-4B2A-A0A3-63F89ECDFB04}.Release|Any CPU.ActiveCfg = Release|Any CPU
		{0DF21703-3D9E-4B2A-A0A3-63F89ECDFB04}.Release|Any CPU.Build.0 = Release|Any CPU
		{3FED31C1-AF4D-4497-A033-5CEA70006DB7}.Debug|Any CPU.ActiveCfg = Debug|Any CPU
		{3FED31C1-AF4D-4497-A033-5CEA70006DB7}.Debug|Any CPU.Build.0 = Debug|Any CPU
		{3FED31C1-AF4D-4497-A033-5CEA70006DB7}.Release|Any CPU.ActiveCfg = Release|Any CPU
		{3FED31C1-AF4D-4497-A033-5CEA70006DB7}.Release|Any CPU.Build.0 = Release|Any CPU
		{EA1F2F22-8C48-450D-94F8-9A51082E4823}.Debug|Any CPU.ActiveCfg = Debug|Any CPU
		{EA1F2F22-8C48-450D-94F8-9A51082E4823}.Debug|Any CPU.Build.0 = Debug|Any CPU
		{EA1F2F22-8C48-450D-94F8-9A51082E4823}.Release|Any CPU.ActiveCfg = Release|Any CPU
		{EA1F2F22-8C48-450D-94F8-9A51082E4823}.Release|Any CPU.Build.0 = Release|Any CPU
		{1AE12630-7719-4804-A7BB-D51576C883C0}.Debug|Any CPU.ActiveCfg = Debug|Any CPU
		{1AE12630-7719-4804-A7BB-D51576C883C0}.Debug|Any CPU.Build.0 = Debug|Any CPU
		{1AE12630-7719-4804-A7BB-D51576C883C0}.Release|Any CPU.ActiveCfg = Release|Any CPU
		{1AE12630-7719-4804-A7BB-D51576C883C0}.Release|Any CPU.Build.0 = Release|Any CPU
		{C765EC15-ADFF-4B08-B585-38635BE09240}.Debug|Any CPU.ActiveCfg = Debug|Any CPU
		{C765EC15-ADFF-4B08-B585-38635BE09240}.Debug|Any CPU.Build.0 = Debug|Any CPU
		{C765EC15-ADFF-4B08-B585-38635BE09240}.Release|Any CPU.ActiveCfg = Release|Any CPU
		{C765EC15-ADFF-4B08-B585-38635BE09240}.Release|Any CPU.Build.0 = Release|Any CPU
		{E5491803-AAEE-4488-83C9-49D8C317D4CF}.Debug|Any CPU.ActiveCfg = Debug|Any CPU
		{E5491803-AAEE-4488-83C9-49D8C317D4CF}.Debug|Any CPU.Build.0 = Debug|Any CPU
		{E5491803-AAEE-4488-83C9-49D8C317D4CF}.Release|Any CPU.ActiveCfg = Release|Any CPU
		{E5491803-AAEE-4488-83C9-49D8C317D4CF}.Release|Any CPU.Build.0 = Release|Any CPU
	EndGlobalSection
	GlobalSection(SolutionProperties) = preSolution
		HideSolutionNode = FALSE
	EndGlobalSection
	GlobalSection(ExtensibilityGlobals) = postSolution
		SolutionGuid = {10EE9E68-47AB-4DDE-8467-CC7D2E9D9AC3}
	EndGlobalSection
EndGlobal
